PODS:
  - Alamofire (5.7.1)
  - DGCharts (5.0.0):
    - DGCharts/Core (= 5.0.0)
  - DGCharts/Core (5.0.0)
  - Moya (15.0.0):
    - Moya/Core (= 15.0.0)
  - Moya/Core (15.0.0):
    - Alamofire (~> 5.0)
  - NVActivityIndicatorView (5.1.1):
    - NVActivityIndicatorView/Base (= 5.1.1)
  - NVActivityIndicatorView/Base (5.1.1)
  - ObjectMapper (4.2.0)
  - RxSwift (6.5.0)
  - SnapKit (4.2.0)
  - SQLite (0.1.23)
  - SwiftMessages (9.0.6):
    - SwiftMessages/App (= 9.0.6)
  - SwiftMessages/App (9.0.6)
  - SwiftyBeaver (1.9.5)
  - SwiftyJSON (5.0.1)
  - SwiftyUserDefaults (5.3.0)

DEPENDENCIES:
  - DGCharts (= 5.0.0)
  - Moya (= 15.0.0)
  - NVActivityIndicatorView (= 5.1.1)
  - ObjectMapper (= 4.2.0)
  - RxSwift (= 6.5.0)
  - SnapKit (= 4.2.0)
  - SQLite (= 0.1.23)
  - SwiftMessages (= 9.0.6)
  - SwiftyBeaver (= 1.9.5)
  - SwiftyJSON (= 5.0.1)
  - SwiftyUserDefaults (= 5.3.0)

SPEC REPOS:
  https://github.com/CocoaPods/Specs.git:
    - Alamofire
    - DGCharts
    - Moya
    - NVActivityIndicatorView
    - ObjectMapper
    - RxSwift
    - SnapKit
    - SQLite
    - SwiftMessages
    - SwiftyBeaver
    - SwiftyJSON
    - SwiftyUserDefaults

SPEC CHECKSUMS:
  Alamofire: 0123a34370cb170936ae79a8df46cc62b2edeb88
  DGCharts: 6e0cf2644e8f81ad13f04caa8bc18502870a1c54
  Moya: 138f0573e53411fb3dc17016add0b748dfbd78ee
  NVActivityIndicatorView: 1f6c5687f1171810aa27a3296814dc2d7dec3667
  ObjectMapper: 1eb41f610210777375fa806bf161dc39fb832b81
  RxSwift: 5710a9e6b17f3c3d6e40d6e559b9fa1e813b2ef8
  SnapKit: fe8a619752f3f27075cc9a90244d75c6c3f27e2a
  SQLite: 25f557f4203527054287da5ac566b8127ce93ba9
  SwiftMessages: f0c7ef4705a570ad6c5e208b611f4333e660ed92
  SwiftyBeaver: 84069991dd5dca07d7069100985badaca7f0ce82
  SwiftyJSON: 2f33a42c6fbc52764d96f13368585094bfd8aa5e
  SwiftyUserDefaults: 63f80248cf5bfb3458825d9a78f2eb7e1293a040

PODFILE CHECKSUM: 8f966523fcf67b4d39c4502870bfc7ebe89c3297

COCOAPODS: 1.12.1
