// !$*UTF8*$!
{
	archiveVersion = 1;
	classes = {
	};
	objectVersion = 56;
	objects = {

/* Begin PBXBuildFile section */
		4D13D0132A611EF500C9FA16 /* AppDelegate.swift in Sources */ = {isa = PBXBuildFile; fileRef = 4D13D0122A611EF500C9FA16 /* AppDelegate.swift */; };
		4D13D01C2A611EFC00C9FA16 /* Assets.xcassets in Resources */ = {isa = PBXBuildFile; fileRef = 4D13D01B2A611EFC00C9FA16 /* Assets.xcassets */; };
		4D13D01F2A611EFC00C9FA16 /* LaunchScreen.storyboard in Resources */ = {isa = PBXBuildFile; fileRef = 4D13D01D2A611EFC00C9FA16 /* LaunchScreen.storyboard */; };
		4D13D0352A64E58A00C9FA16 /* BaseNavController.swift in Sources */ = {isa = PBXBuildFile; fileRef = 4D13D0342A64E58A00C9FA16 /* BaseNavController.swift */; };
		4D13D0372A64E59F00C9FA16 /* BaseTabBarController.swift in Sources */ = {isa = PBXBuildFile; fileRef = 4D13D0362A64E59F00C9FA16 /* BaseTabBarController.swift */; };
		4D13D0392A64E5B100C9FA16 /* BaseViewController.swift in Sources */ = {isa = PBXBuildFile; fileRef = 4D13D0382A64E5B100C9FA16 /* BaseViewController.swift */; };
		4D13D03B2A651B6B00C9FA16 /* HomeViewController.swift in Sources */ = {isa = PBXBuildFile; fileRef = 4D13D03A2A651B6B00C9FA16 /* HomeViewController.swift */; };
		4D13D03D2A651B7C00C9FA16 /* MineViewController.swift in Sources */ = {isa = PBXBuildFile; fileRef = 4D13D03C2A651B7C00C9FA16 /* MineViewController.swift */; };
		4D13D03F2A652E4F00C9FA16 /* NextViewController.swift in Sources */ = {isa = PBXBuildFile; fileRef = 4D13D03E2A652E4F00C9FA16 /* NextViewController.swift */; };
		4D7F03032A667C8400464CA3 /* FrameMacro.swift in Sources */ = {isa = PBXBuildFile; fileRef = 4D7F03022A667C8400464CA3 /* FrameMacro.swift */; };
		4D7F03052A66818900464CA3 /* HTTPMacro.swift in Sources */ = {isa = PBXBuildFile; fileRef = 4D7F03042A66818800464CA3 /* HTTPMacro.swift */; };
		4D7F030D2A6780F300464CA3 /* LYLUnicode.m in Sources */ = {isa = PBXBuildFile; fileRef = 4D7F030B2A6780F200464CA3 /* LYLUnicode.m */; };
		6220EDA6046EB039B858D774 /* Pods_Template.framework in Frameworks */ = {isa = PBXBuildFile; fileRef = F9C63A69A67EA21DCE811620 /* Pods_Template.framework */; };
/* End PBXBuildFile section */

/* Begin PBXFileReference section */
		3318735A833E5CDBB8A2B897 /* Pods-Template.release.xcconfig */ = {isa = PBXFileReference; includeInIndex = 1; lastKnownFileType = text.xcconfig; name = "Pods-Template.release.xcconfig"; path = "Target Support Files/Pods-Template/Pods-Template.release.xcconfig"; sourceTree = "<group>"; };
		4D13D00F2A611EF500C9FA16 /* Template.app */ = {isa = PBXFileReference; explicitFileType = wrapper.application; includeInIndex = 0; path = Template.app; sourceTree = BUILT_PRODUCTS_DIR; };
		4D13D0122A611EF500C9FA16 /* AppDelegate.swift */ = {isa = PBXFileReference; lastKnownFileType = sourcecode.swift; path = AppDelegate.swift; sourceTree = "<group>"; };
		4D13D01B2A611EFC00C9FA16 /* Assets.xcassets */ = {isa = PBXFileReference; lastKnownFileType = folder.assetcatalog; path = Assets.xcassets; sourceTree = "<group>"; };
		4D13D01E2A611EFC00C9FA16 /* Base */ = {isa = PBXFileReference; lastKnownFileType = file.storyboard; name = Base; path = Base.lproj/LaunchScreen.storyboard; sourceTree = "<group>"; };
		4D13D0202A611EFC00C9FA16 /* Info.plist */ = {isa = PBXFileReference; lastKnownFileType = text.plist.xml; path = Info.plist; sourceTree = "<group>"; };
		4D13D0342A64E58A00C9FA16 /* BaseNavController.swift */ = {isa = PBXFileReference; lastKnownFileType = sourcecode.swift; path = BaseNavController.swift; sourceTree = "<group>"; };
		4D13D0362A64E59F00C9FA16 /* BaseTabBarController.swift */ = {isa = PBXFileReference; lastKnownFileType = sourcecode.swift; path = BaseTabBarController.swift; sourceTree = "<group>"; };
		4D13D0382A64E5B100C9FA16 /* BaseViewController.swift */ = {isa = PBXFileReference; lastKnownFileType = sourcecode.swift; path = BaseViewController.swift; sourceTree = "<group>"; };
		4D13D03A2A651B6B00C9FA16 /* HomeViewController.swift */ = {isa = PBXFileReference; lastKnownFileType = sourcecode.swift; path = HomeViewController.swift; sourceTree = "<group>"; };
		4D13D03C2A651B7C00C9FA16 /* MineViewController.swift */ = {isa = PBXFileReference; lastKnownFileType = sourcecode.swift; path = MineViewController.swift; sourceTree = "<group>"; };
		4D13D03E2A652E4F00C9FA16 /* NextViewController.swift */ = {isa = PBXFileReference; lastKnownFileType = sourcecode.swift; path = NextViewController.swift; sourceTree = "<group>"; };
		4D7F03022A667C8400464CA3 /* FrameMacro.swift */ = {isa = PBXFileReference; lastKnownFileType = sourcecode.swift; path = FrameMacro.swift; sourceTree = "<group>"; };
		4D7F03042A66818800464CA3 /* HTTPMacro.swift */ = {isa = PBXFileReference; lastKnownFileType = sourcecode.swift; path = HTTPMacro.swift; sourceTree = "<group>"; };
		4D7F03072A668CB600464CA3 /* Template-Bridging-Header.h */ = {isa = PBXFileReference; lastKnownFileType = sourcecode.c.h; path = "Template-Bridging-Header.h"; sourceTree = "<group>"; };
		4D7F030B2A6780F200464CA3 /* LYLUnicode.m */ = {isa = PBXFileReference; fileEncoding = 4; lastKnownFileType = sourcecode.c.objc; path = LYLUnicode.m; sourceTree = "<group>"; };
		4D7F030C2A6780F200464CA3 /* LYLUnicode.h */ = {isa = PBXFileReference; fileEncoding = 4; lastKnownFileType = sourcecode.c.h; path = LYLUnicode.h; sourceTree = "<group>"; };
		95315C14E089E72C91B24641 /* Pods-Template.debug.xcconfig */ = {isa = PBXFileReference; includeInIndex = 1; lastKnownFileType = text.xcconfig; name = "Pods-Template.debug.xcconfig"; path = "Target Support Files/Pods-Template/Pods-Template.debug.xcconfig"; sourceTree = "<group>"; };
		F9C63A69A67EA21DCE811620 /* Pods_Template.framework */ = {isa = PBXFileReference; explicitFileType = wrapper.framework; includeInIndex = 0; path = Pods_Template.framework; sourceTree = BUILT_PRODUCTS_DIR; };
/* End PBXFileReference section */

/* Begin PBXFrameworksBuildPhase section */
		4D13D00C2A611EF500C9FA16 /* Frameworks */ = {
			isa = PBXFrameworksBuildPhase;
			buildActionMask = 2147483647;
			files = (
				6220EDA6046EB039B858D774 /* Pods_Template.framework in Frameworks */,
			);
			runOnlyForDeploymentPostprocessing = 0;
		};
/* End PBXFrameworksBuildPhase section */

/* Begin PBXGroup section */
		331174C45F6F9C70ECEFDF32 /* Pods */ = {
			isa = PBXGroup;
			children = (
				95315C14E089E72C91B24641 /* Pods-Template.debug.xcconfig */,
				3318735A833E5CDBB8A2B897 /* Pods-Template.release.xcconfig */,
			);
			path = Pods;
			sourceTree = "<group>";
		};
		4D13D0062A611EF400C9FA16 = {
			isa = PBXGroup;
			children = (
				4D13D0112A611EF500C9FA16 /* Template */,
				4D13D0102A611EF500C9FA16 /* Products */,
				331174C45F6F9C70ECEFDF32 /* Pods */,
				68D6C2A918F2E794E277EDA9 /* Frameworks */,
			);
			sourceTree = "<group>";
		};
		4D13D0102A611EF500C9FA16 /* Products */ = {
			isa = PBXGroup;
			children = (
				4D13D00F2A611EF500C9FA16 /* Template.app */,
			);
			name = Products;
			sourceTree = "<group>";
		};
		4D13D0112A611EF500C9FA16 /* Template */ = {
			isa = PBXGroup;
			children = (
				4D7F03012A667AF000464CA3 /* Configs */,
				4D13D02B2A64E4B300C9FA16 /* Sections */,
				4D13D0292A64E3C800C9FA16 /* Category */,
				4D13D0282A64E3B800C9FA16 /* Base */,
				4D13D02A2A64E41200C9FA16 /* Utils */,
				4D13D0202A611EFC00C9FA16 /* Info.plist */,
				4D13D0122A611EF500C9FA16 /* AppDelegate.swift */,
				4D7F03072A668CB600464CA3 /* Template-Bridging-Header.h */,
				4D13D01B2A611EFC00C9FA16 /* Assets.xcassets */,
				4D13D01D2A611EFC00C9FA16 /* LaunchScreen.storyboard */,
			);
			path = Template;
			sourceTree = "<group>";
		};
		4D13D0282A64E3B800C9FA16 /* Base */ = {
			isa = PBXGroup;
			children = (
				4D13D0342A64E58A00C9FA16 /* BaseNavController.swift */,
				4D13D0362A64E59F00C9FA16 /* BaseTabBarController.swift */,
				4D13D0382A64E5B100C9FA16 /* BaseViewController.swift */,
			);
			path = Base;
			sourceTree = "<group>";
		};
		4D13D0292A64E3C800C9FA16 /* Category */ = {
			isa = PBXGroup;
			children = (
			);
			path = Category;
			sourceTree = "<group>";
		};
		4D13D02A2A64E41200C9FA16 /* Utils */ = {
			isa = PBXGroup;
			children = (
				4D7F03062A668CA100464CA3 /* LYLUnicode */,
			);
			path = Utils;
			sourceTree = "<group>";
		};
		4D13D02B2A64E4B300C9FA16 /* Sections */ = {
			isa = PBXGroup;
			children = (
				4D13D02C2A64E4BF00C9FA16 /* Home */,
				4D13D02D2A64E4CA00C9FA16 /* Mine */,
			);
			path = Sections;
			sourceTree = "<group>";
		};
		4D13D02C2A64E4BF00C9FA16 /* Home */ = {
			isa = PBXGroup;
			children = (
				4D13D03A2A651B6B00C9FA16 /* HomeViewController.swift */,
				4D13D03E2A652E4F00C9FA16 /* NextViewController.swift */,
			);
			path = Home;
			sourceTree = "<group>";
		};
		4D13D02D2A64E4CA00C9FA16 /* Mine */ = {
			isa = PBXGroup;
			children = (
				4D13D03C2A651B7C00C9FA16 /* MineViewController.swift */,
			);
			path = Mine;
			sourceTree = "<group>";
		};
		4D7F03012A667AF000464CA3 /* Configs */ = {
			isa = PBXGroup;
			children = (
				4D7F03022A667C8400464CA3 /* FrameMacro.swift */,
				4D7F03042A66818800464CA3 /* HTTPMacro.swift */,
			);
			path = Configs;
			sourceTree = "<group>";
		};
		4D7F03062A668CA100464CA3 /* LYLUnicode */ = {
			isa = PBXGroup;
			children = (
				4D7F030C2A6780F200464CA3 /* LYLUnicode.h */,
				4D7F030B2A6780F200464CA3 /* LYLUnicode.m */,
			);
			path = LYLUnicode;
			sourceTree = "<group>";
		};
		68D6C2A918F2E794E277EDA9 /* Frameworks */ = {
			isa = PBXGroup;
			children = (
				F9C63A69A67EA21DCE811620 /* Pods_Template.framework */,
			);
			name = Frameworks;
			sourceTree = "<group>";
		};
/* End PBXGroup section */

/* Begin PBXNativeTarget section */
		4D13D00E2A611EF500C9FA16 /* Template */ = {
			isa = PBXNativeTarget;
			buildConfigurationList = 4D13D0232A611EFC00C9FA16 /* Build configuration list for PBXNativeTarget "Template" */;
			buildPhases = (
				8BABCFE565FF60770178EBC2 /* [CP] Check Pods Manifest.lock */,
				4D13D00B2A611EF500C9FA16 /* Sources */,
				4D13D00C2A611EF500C9FA16 /* Frameworks */,
				4D13D00D2A611EF500C9FA16 /* Resources */,
				CAC585F1534FBFCB22AB3A2F /* [CP] Embed Pods Frameworks */,
			);
			buildRules = (
			);
			dependencies = (
			);
			name = Template;
			productName = Template;
			productReference = 4D13D00F2A611EF500C9FA16 /* Template.app */;
			productType = "com.apple.product-type.application";
		};
/* End PBXNativeTarget section */

/* Begin PBXProject section */
		4D13D0072A611EF400C9FA16 /* Project object */ = {
			isa = PBXProject;
			attributes = {
				BuildIndependentTargetsInParallel = 1;
				LastSwiftUpdateCheck = 1420;
				LastUpgradeCheck = 1420;
				TargetAttributes = {
					4D13D00E2A611EF500C9FA16 = {
						CreatedOnToolsVersion = 14.2;
						LastSwiftMigration = 1420;
					};
				};
			};
			buildConfigurationList = 4D13D00A2A611EF400C9FA16 /* Build configuration list for PBXProject "Template" */;
			compatibilityVersion = "Xcode 14.0";
			developmentRegion = en;
			hasScannedForEncodings = 0;
			knownRegions = (
				en,
				Base,
			);
			mainGroup = 4D13D0062A611EF400C9FA16;
			productRefGroup = 4D13D0102A611EF500C9FA16 /* Products */;
			projectDirPath = "";
			projectRoot = "";
			targets = (
				4D13D00E2A611EF500C9FA16 /* Template */,
			);
		};
/* End PBXProject section */

/* Begin PBXResourcesBuildPhase section */
		4D13D00D2A611EF500C9FA16 /* Resources */ = {
			isa = PBXResourcesBuildPhase;
			buildActionMask = 2147483647;
			files = (
				4D13D01F2A611EFC00C9FA16 /* LaunchScreen.storyboard in Resources */,
				4D13D01C2A611EFC00C9FA16 /* Assets.xcassets in Resources */,
			);
			runOnlyForDeploymentPostprocessing = 0;
		};
/* End PBXResourcesBuildPhase section */

/* Begin PBXShellScriptBuildPhase section */
		8BABCFE565FF60770178EBC2 /* [CP] Check Pods Manifest.lock */ = {
			isa = PBXShellScriptBuildPhase;
			buildActionMask = 2147483647;
			files = (
			);
			inputFileListPaths = (
			);
			inputPaths = (
				"${PODS_PODFILE_DIR_PATH}/Podfile.lock",
				"${PODS_ROOT}/Manifest.lock",
			);
			name = "[CP] Check Pods Manifest.lock";
			outputFileListPaths = (
			);
			outputPaths = (
				"$(DERIVED_FILE_DIR)/Pods-Template-checkManifestLockResult.txt",
			);
			runOnlyForDeploymentPostprocessing = 0;
			shellPath = /bin/sh;
			shellScript = "diff \"${PODS_PODFILE_DIR_PATH}/Podfile.lock\" \"${PODS_ROOT}/Manifest.lock\" > /dev/null\nif [ $? != 0 ] ; then\n    # print error to STDERR\n    echo \"error: The sandbox is not in sync with the Podfile.lock. Run 'pod install' or update your CocoaPods installation.\" >&2\n    exit 1\nfi\n# This output is used by Xcode 'outputs' to avoid re-running this script phase.\necho \"SUCCESS\" > \"${SCRIPT_OUTPUT_FILE_0}\"\n";
			showEnvVarsInLog = 0;
		};
		CAC585F1534FBFCB22AB3A2F /* [CP] Embed Pods Frameworks */ = {
			isa = PBXShellScriptBuildPhase;
			buildActionMask = 2147483647;
			files = (
			);
			inputFileListPaths = (
				"${PODS_ROOT}/Target Support Files/Pods-Template/Pods-Template-frameworks-${CONFIGURATION}-input-files.xcfilelist",
			);
			name = "[CP] Embed Pods Frameworks";
			outputFileListPaths = (
				"${PODS_ROOT}/Target Support Files/Pods-Template/Pods-Template-frameworks-${CONFIGURATION}-output-files.xcfilelist",
			);
			runOnlyForDeploymentPostprocessing = 0;
			shellPath = /bin/sh;
			shellScript = "\"${PODS_ROOT}/Target Support Files/Pods-Template/Pods-Template-frameworks.sh\"\n";
			showEnvVarsInLog = 0;
		};
/* End PBXShellScriptBuildPhase section */

/* Begin PBXSourcesBuildPhase section */
		4D13D00B2A611EF500C9FA16 /* Sources */ = {
			isa = PBXSourcesBuildPhase;
			buildActionMask = 2147483647;
			files = (
				4D7F03032A667C8400464CA3 /* FrameMacro.swift in Sources */,
				4D13D03B2A651B6B00C9FA16 /* HomeViewController.swift in Sources */,
				4D13D03F2A652E4F00C9FA16 /* NextViewController.swift in Sources */,
				4D7F03052A66818900464CA3 /* HTTPMacro.swift in Sources */,
				4D13D0352A64E58A00C9FA16 /* BaseNavController.swift in Sources */,
				4D13D0392A64E5B100C9FA16 /* BaseViewController.swift in Sources */,
				4D13D0132A611EF500C9FA16 /* AppDelegate.swift in Sources */,
				4D13D0372A64E59F00C9FA16 /* BaseTabBarController.swift in Sources */,
				4D13D03D2A651B7C00C9FA16 /* MineViewController.swift in Sources */,
				4D7F030D2A6780F300464CA3 /* LYLUnicode.m in Sources */,
			);
			runOnlyForDeploymentPostprocessing = 0;
		};
/* End PBXSourcesBuildPhase section */

/* Begin PBXVariantGroup section */
		4D13D01D2A611EFC00C9FA16 /* LaunchScreen.storyboard */ = {
			isa = PBXVariantGroup;
			children = (
				4D13D01E2A611EFC00C9FA16 /* Base */,
			);
			name = LaunchScreen.storyboard;
			sourceTree = "<group>";
		};
/* End PBXVariantGroup section */

/* Begin XCBuildConfiguration section */
		4D13D0212A611EFC00C9FA16 /* Debug */ = {
			isa = XCBuildConfiguration;
			buildSettings = {
				ALWAYS_SEARCH_USER_PATHS = NO;
				CLANG_ANALYZER_NONNULL = YES;
				CLANG_ANALYZER_NUMBER_OBJECT_CONVERSION = YES_AGGRESSIVE;
				CLANG_CXX_LANGUAGE_STANDARD = "gnu++20";
				CLANG_ENABLE_MODULES = YES;
				CLANG_ENABLE_OBJC_ARC = YES;
				CLANG_ENABLE_OBJC_WEAK = YES;
				CLANG_WARN_BLOCK_CAPTURE_AUTORELEASING = YES;
				CLANG_WARN_BOOL_CONVERSION = YES;
				CLANG_WARN_COMMA = YES;
				CLANG_WARN_CONSTANT_CONVERSION = YES;
				CLANG_WARN_DEPRECATED_OBJC_IMPLEMENTATIONS = YES;
				CLANG_WARN_DIRECT_OBJC_ISA_USAGE = YES_ERROR;
				CLANG_WARN_DOCUMENTATION_COMMENTS = YES;
				CLANG_WARN_EMPTY_BODY = YES;
				CLANG_WARN_ENUM_CONVERSION = YES;
				CLANG_WARN_INFINITE_RECURSION = YES;
				CLANG_WARN_INT_CONVERSION = YES;
				CLANG_WARN_NON_LITERAL_NULL_CONVERSION = YES;
				CLANG_WARN_OBJC_IMPLICIT_RETAIN_SELF = YES;
				CLANG_WARN_OBJC_LITERAL_CONVERSION = YES;
				CLANG_WARN_OBJC_ROOT_CLASS = YES_ERROR;
				CLANG_WARN_QUOTED_INCLUDE_IN_FRAMEWORK_HEADER = YES;
				CLANG_WARN_RANGE_LOOP_ANALYSIS = YES;
				CLANG_WARN_STRICT_PROTOTYPES = YES;
				CLANG_WARN_SUSPICIOUS_MOVE = YES;
				CLANG_WARN_UNGUARDED_AVAILABILITY = YES_AGGRESSIVE;
				CLANG_WARN_UNREACHABLE_CODE = YES;
				CLANG_WARN__DUPLICATE_METHOD_MATCH = YES;
				COPY_PHASE_STRIP = NO;
				DEBUG_INFORMATION_FORMAT = dwarf;
				ENABLE_STRICT_OBJC_MSGSEND = YES;
				ENABLE_TESTABILITY = YES;
				GCC_C_LANGUAGE_STANDARD = gnu11;
				GCC_DYNAMIC_NO_PIC = NO;
				GCC_NO_COMMON_BLOCKS = YES;
				GCC_OPTIMIZATION_LEVEL = 0;
				GCC_PREPROCESSOR_DEFINITIONS = (
					"DEBUG=1",
					"$(inherited)",
				);
				GCC_WARN_64_TO_32_BIT_CONVERSION = YES;
				GCC_WARN_ABOUT_RETURN_TYPE = YES_ERROR;
				GCC_WARN_UNDECLARED_SELECTOR = YES;
				GCC_WARN_UNINITIALIZED_AUTOS = YES_AGGRESSIVE;
				GCC_WARN_UNUSED_FUNCTION = YES;
				GCC_WARN_UNUSED_VARIABLE = YES;
				IPHONEOS_DEPLOYMENT_TARGET = 12.0;
				MTL_ENABLE_DEBUG_INFO = INCLUDE_SOURCE;
				MTL_FAST_MATH = YES;
				ONLY_ACTIVE_ARCH = YES;
				SDKROOT = iphoneos;
				SWIFT_ACTIVE_COMPILATION_CONDITIONS = DEBUG;
				SWIFT_OPTIMIZATION_LEVEL = "-Onone";
			};
			name = Debug;
		};
		4D13D0222A611EFC00C9FA16 /* Release */ = {
			isa = XCBuildConfiguration;
			buildSettings = {
				ALWAYS_SEARCH_USER_PATHS = NO;
				CLANG_ANALYZER_NONNULL = YES;
				CLANG_ANALYZER_NUMBER_OBJECT_CONVERSION = YES_AGGRESSIVE;
				CLANG_CXX_LANGUAGE_STANDARD = "gnu++20";
				CLANG_ENABLE_MODULES = YES;
				CLANG_ENABLE_OBJC_ARC = YES;
				CLANG_ENABLE_OBJC_WEAK = YES;
				CLANG_WARN_BLOCK_CAPTURE_AUTORELEASING = YES;
				CLANG_WARN_BOOL_CONVERSION = YES;
				CLANG_WARN_COMMA = YES;
				CLANG_WARN_CONSTANT_CONVERSION = YES;
				CLANG_WARN_DEPRECATED_OBJC_IMPLEMENTATIONS = YES;
				CLANG_WARN_DIRECT_OBJC_ISA_USAGE = YES_ERROR;
				CLANG_WARN_DOCUMENTATION_COMMENTS = YES;
				CLANG_WARN_EMPTY_BODY = YES;
				CLANG_WARN_ENUM_CONVERSION = YES;
				CLANG_WARN_INFINITE_RECURSION = YES;
				CLANG_WARN_INT_CONVERSION = YES;
				CLANG_WARN_NON_LITERAL_NULL_CONVERSION = YES;
				CLANG_WARN_OBJC_IMPLICIT_RETAIN_SELF = YES;
				CLANG_WARN_OBJC_LITERAL_CONVERSION = YES;
				CLANG_WARN_OBJC_ROOT_CLASS = YES_ERROR;
				CLANG_WARN_QUOTED_INCLUDE_IN_FRAMEWORK_HEADER = YES;
				CLANG_WARN_RANGE_LOOP_ANALYSIS = YES;
				CLANG_WARN_STRICT_PROTOTYPES = YES;
				CLANG_WARN_SUSPICIOUS_MOVE = YES;
				CLANG_WARN_UNGUARDED_AVAILABILITY = YES_AGGRESSIVE;
				CLANG_WARN_UNREACHABLE_CODE = YES;
				CLANG_WARN__DUPLICATE_METHOD_MATCH = YES;
				COPY_PHASE_STRIP = NO;
				DEBUG_INFORMATION_FORMAT = "dwarf-with-dsym";
				ENABLE_NS_ASSERTIONS = NO;
				ENABLE_STRICT_OBJC_MSGSEND = YES;
				GCC_C_LANGUAGE_STANDARD = gnu11;
				GCC_NO_COMMON_BLOCKS = YES;
				GCC_WARN_64_TO_32_BIT_CONVERSION = YES;
				GCC_WARN_ABOUT_RETURN_TYPE = YES_ERROR;
				GCC_WARN_UNDECLARED_SELECTOR = YES;
				GCC_WARN_UNINITIALIZED_AUTOS = YES_AGGRESSIVE;
				GCC_WARN_UNUSED_FUNCTION = YES;
				GCC_WARN_UNUSED_VARIABLE = YES;
				IPHONEOS_DEPLOYMENT_TARGET = 12.0;
				MTL_ENABLE_DEBUG_INFO = NO;
				MTL_FAST_MATH = YES;
				SDKROOT = iphoneos;
				SWIFT_COMPILATION_MODE = wholemodule;
				SWIFT_OPTIMIZATION_LEVEL = "-O";
				VALIDATE_PRODUCT = YES;
			};
			name = Release;
		};
		4D13D0242A611EFC00C9FA16 /* Debug */ = {
			isa = XCBuildConfiguration;
			baseConfigurationReference = 95315C14E089E72C91B24641 /* Pods-Template.debug.xcconfig */;
			buildSettings = {
				ASSETCATALOG_COMPILER_APPICON_NAME = AppIcon;
				ASSETCATALOG_COMPILER_GLOBAL_ACCENT_COLOR_NAME = AccentColor;
				CLANG_ENABLE_MODULES = YES;
				CODE_SIGN_STYLE = Automatic;
				CURRENT_PROJECT_VERSION = 1;
				DEVELOPMENT_TEAM = NBP8GJ5X26;
				GENERATE_INFOPLIST_FILE = YES;
				INFOPLIST_FILE = Template/Info.plist;
				INFOPLIST_KEY_UIApplicationSupportsIndirectInputEvents = YES;
				INFOPLIST_KEY_UILaunchStoryboardName = LaunchScreen.storyboard;
				INFOPLIST_KEY_UISupportedInterfaceOrientations = UIInterfaceOrientationPortrait;
				INFOPLIST_KEY_UISupportedInterfaceOrientations_iPad = "UIInterfaceOrientationLandscapeLeft UIInterfaceOrientationLandscapeRight UIInterfaceOrientationPortrait UIInterfaceOrientationPortraitUpsideDown";
				IPHONEOS_DEPLOYMENT_TARGET = 12.0;
				LD_RUNPATH_SEARCH_PATHS = (
					"$(inherited)",
					"@executable_path/Frameworks",
				);
				MARKETING_VERSION = 1.4.8;
				PRODUCT_BUNDLE_IDENTIFIER = zhandb.Template;
				PRODUCT_NAME = "$(TARGET_NAME)";
				SUPPORTED_PLATFORMS = "iphoneos iphonesimulator";
				SUPPORTS_MACCATALYST = NO;
				SUPPORTS_MAC_DESIGNED_FOR_IPHONE_IPAD = NO;
				SWIFT_EMIT_LOC_STRINGS = YES;
				SWIFT_OBJC_BRIDGING_HEADER = "Template/Template-Bridging-Header.h";
				SWIFT_OPTIMIZATION_LEVEL = "-Onone";
				SWIFT_VERSION = 5.0;
				TARGETED_DEVICE_FAMILY = "1,2";
			};
			name = Debug;
		};
		4D13D0252A611EFC00C9FA16 /* Release */ = {
			isa = XCBuildConfiguration;
			baseConfigurationReference = 3318735A833E5CDBB8A2B897 /* Pods-Template.release.xcconfig */;
			buildSettings = {
				ASSETCATALOG_COMPILER_APPICON_NAME = AppIcon;
				ASSETCATALOG_COMPILER_GLOBAL_ACCENT_COLOR_NAME = AccentColor;
				CLANG_ENABLE_MODULES = YES;
				CODE_SIGN_STYLE = Automatic;
				CURRENT_PROJECT_VERSION = 1;
				DEVELOPMENT_TEAM = NBP8GJ5X26;
				GENERATE_INFOPLIST_FILE = YES;
				INFOPLIST_FILE = Template/Info.plist;
				INFOPLIST_KEY_UIApplicationSupportsIndirectInputEvents = YES;
				INFOPLIST_KEY_UILaunchStoryboardName = LaunchScreen.storyboard;
				INFOPLIST_KEY_UISupportedInterfaceOrientations = UIInterfaceOrientationPortrait;
				INFOPLIST_KEY_UISupportedInterfaceOrientations_iPad = "UIInterfaceOrientationLandscapeLeft UIInterfaceOrientationLandscapeRight UIInterfaceOrientationPortrait UIInterfaceOrientationPortraitUpsideDown";
				IPHONEOS_DEPLOYMENT_TARGET = 12.0;
				LD_RUNPATH_SEARCH_PATHS = (
					"$(inherited)",
					"@executable_path/Frameworks",
				);
				MARKETING_VERSION = 1.4.8;
				PRODUCT_BUNDLE_IDENTIFIER = zhandb.Template;
				PRODUCT_NAME = "$(TARGET_NAME)";
				SUPPORTED_PLATFORMS = "iphoneos iphonesimulator";
				SUPPORTS_MACCATALYST = NO;
				SUPPORTS_MAC_DESIGNED_FOR_IPHONE_IPAD = NO;
				SWIFT_EMIT_LOC_STRINGS = YES;
				SWIFT_OBJC_BRIDGING_HEADER = "Template/Template-Bridging-Header.h";
				SWIFT_VERSION = 5.0;
				TARGETED_DEVICE_FAMILY = "1,2";
			};
			name = Release;
		};
/* End XCBuildConfiguration section */

/* Begin XCConfigurationList section */
		4D13D00A2A611EF400C9FA16 /* Build configuration list for PBXProject "Template" */ = {
			isa = XCConfigurationList;
			buildConfigurations = (
				4D13D0212A611EFC00C9FA16 /* Debug */,
				4D13D0222A611EFC00C9FA16 /* Release */,
			);
			defaultConfigurationIsVisible = 0;
			defaultConfigurationName = Release;
		};
		4D13D0232A611EFC00C9FA16 /* Build configuration list for PBXNativeTarget "Template" */ = {
			isa = XCConfigurationList;
			buildConfigurations = (
				4D13D0242A611EFC00C9FA16 /* Debug */,
				4D13D0252A611EFC00C9FA16 /* Release */,
			);
			defaultConfigurationIsVisible = 0;
			defaultConfigurationName = Release;
		};
/* End XCConfigurationList section */
	};
	rootObject = 4D13D0072A611EF400C9FA16 /* Project object */;
}
